Microsoft Visual Studio Solution File, Format Version 12.00
# Visual Studio Version 16
VisualStudioVersion = 16.0.0.0
MinimumVisualStudioVersion = 16.0.0.0
Project("{29B12574-523E-4C7D-BD94-D44987940F4C}") = "temperus", "temperus\temperus.csproj", "{512078C8-E09D-41B6-972B-8D26446B5E9C}"
EndProject
Project("{29B12574-523E-4C7D-BD94-D44987940F4C}") = "temperus.Client", "temperus.Client\temperus.Client.csproj", "{E267979C-D99E-461C-A88E-3B9187AEB0F3}"
EndProject
Global
	GlobalSection(SolutionConfigurationPlatforms) = preSolution
		Debug|Any CPU = Debug|Any CPU
		Debug|x64 = Debug|x64
		Debug|x86 = Debug|x86
		Release|Any CPU = Release|Any CPU
		Release|x64 = Release|x64
		Release|x86 = Release|x86
	EndGlobalSection
	GlobalSection(ProjectConfigurationPlatforms) = postSolution
		{512078C8-E09D-41B6-972B-8D26446B5E9C}.Debug|Any CPU.ActiveCfg = Debug|Any CPU
		{512078C8-E09D-41B6-972B-8D26446B5E9C}.Debug|Any CPU.Build.0 = Debug|Any CPU
		{512078C8-E09D-41B6-972B-8D26446B5E9C}.Debug|x64.ActiveCfg = Debug|Any CPU
		{512078C8-E09D-41B6-972B-8D26446B5E9C}.Debug|x64.Build.0 = Debug|Any CPU
		{512078C8-E09D-41B6-972B-8D26446B5E9C}.Debug|x86.ActiveCfg = Debug|Any CPU
		{512078C8-E09D-41B6-972B-8D26446B5E9C}.Debug|x86.Build.0 = Debug|Any CPU
		{512078C8-E09D-41B6-972B-8D26446B5E9C}.Release|Any CPU.ActiveCfg = Release|Any CPU
		{512078C8-E09D-41B6-972B-8D26446B5E9C}.Release|Any CPU.Build.0 = Release|Any CPU
		{512078C8-E09D-41B6-972B-8D26446B5E9C}.Release|x64.ActiveCfg = Release|Any CPU
		{512078C8-E09D-41B6-972B-8D26446B5E9C}.Release|x64.Build.0 = Release|Any CPU
		{512078C8-E09D-41B6-972B-8D26446B5E9C}.Release|x86.ActiveCfg = Release|Any CPU
		{512078C8-E09D-41B6-972B-8D26446B5E9C}.Release|x86.Build.0 = Release|Any CPU
		{E267979C-D99E-461C-A88E-3B9187AEB0F3}.Debug|Any CPU.ActiveCfg = Debug|Any CPU
		{E267979C-D99E-461C-A88E-3B9187AEB0F3}.Debug|Any CPU.Build.0 = Debug|Any CPU
		{E267979C-D99E-461C-A88E-3B9187AEB0F3}.Debug|x64.ActiveCfg = Debug|Any CPU
		{E267979C-D99E-461C-A88E-3B9187AEB0F3}.Debug|x64.Build.0 = Debug|Any CPU
		{E267979C-D99E-461C-A88E-3B9187AEB0F3}.Debug|x86.ActiveCfg = Debug|Any CPU
		{E267979C-D99E-461C-A88E-3B9187AEB0F3}.Debug|x86.Build.0 = Debug|Any CPU
		{E267979C-D99E-461C-A88E-3B9187AEB0F3}.Release|Any CPU.ActiveCfg = Release|Any CPU
		{E267979C-D99E-461C-A88E-3B9187AEB0F3}.Release|Any CPU.Build.0 = Release|Any CPU
		{E267979C-D99E-461C-A88E-3B9187AEB0F3}.Release|x64.ActiveCfg = Release|Any CPU
		{E267979C-D99E-461C-A88E-3B9187AEB0F3}.Release|x64.Build.0 = Release|Any CPU
		{E267979C-D99E-461C-A88E-3B9187AEB0F3}.Release|x86.ActiveCfg = Release|Any CPU
		{E267979C-D99E-461C-A88E-3B9187AEB0F3}.Release|x86.Build.0 = Release|Any CPU
	EndGlobalSection
	GlobalSection(SolutionProperties) = preSolution
		HideSolutionNode = FALSE
	EndGlobalSection
	GlobalSection(ExtensibilityGlobals) = postSolution
		SolutionGuid = {0FAD1224-51BA-43F7-8728-80660517A0F0}
	EndGlobalSection
EndGlobal
